
Microsoft Visual Studio Solution File, Format Version 12.00
# Visual Studio Version 17
VisualStudioVersion = 17.6.33712.159
MinimumVisualStudioVersion = 10.0.40219.1
Project("{9A19103F-16F7-4668-BE54-9A1E7A4F7556}") = "NAAProject", "NAAProject\NAAProject.csproj", "{AE6A421B-63C3-4F5F-A28D-3339D443A3E6}"
EndProject
Project("{9A19103F-16F7-4668-BE54-9A1E7A4F7556}") = "NAAProject.Data", "NAAProject.Data\NAAProject.Data.csproj", "{9B55A196-1B5F-45CB-9E04-6EE54D7B4DFE}"
EndProject
Project("{9A19103F-16F7-4668-BE54-9A1E7A4F7556}") = "NAAProject.Services", "NAAProject.Services\NAAProject.Services.csproj", "{7D71D025-1DFC-4F8A-B6A9-5EB863BB3C3F}"
EndProject
Project("{9A19103F-16F7-4668-BE54-9A1E7A4F7556}") = "NAAProject.OutServices", "NAAProject.OutServices\NAAProject.OutServices.csproj", "{5547089B-07CC-4232-8D75-EB2521B86887}"
EndProject
Project("{9A19103F-16F7-4668-BE54-9A1E7A4F7556}") = "Service.Services", "Service.Services\Service.Services.csproj", "{9F75BF60-3C18-4D4B-BB10-EF9D94DA999F}"
EndProject
Project("{FAE04EC0-301F-11D3-BF4B-00C04F79EFBC}") = "NAAProjectWebApi", "NAAProjectWebApi\NAAProjectWebApi.csproj", "{16E589A5-FDFA-4DAB-98D5-A85EE63459C2}"
EndProject
Global
	GlobalSection(SolutionConfigurationPlatforms) = preSolution
		Debug|Any CPU = Debug|Any CPU
		Release|Any CPU = Release|Any CPU
	EndGlobalSection
	GlobalSection(ProjectConfigurationPlatforms) = postSolution
		{AE6A421B-63C3-4F5F-A28D-3339D443A3E6}.Debug|Any CPU.ActiveCfg = Debug|Any CPU
		{AE6A421B-63C3-4F5F-A28D-3339D443A3E6}.Debug|Any CPU.Build.0 = Debug|Any CPU
		{AE6A421B-63C3-4F5F-A28D-3339D443A3E6}.Release|Any CPU.ActiveCfg = Release|Any CPU
		{AE6A421B-63C3-4F5F-A28D-3339D443A3E6}.Release|Any CPU.Build.0 = Release|Any CPU
		{9B55A196-1B5F-45CB-9E04-6EE54D7B4DFE}.Debug|Any CPU.ActiveCfg = Debug|Any CPU
		{9B55A196-1B5F-45CB-9E04-6EE54D7B4DFE}.Debug|Any CPU.Build.0 = Debug|Any CPU
		{9B55A196-1B5F-45CB-9E04-6EE54D7B4DFE}.Release|Any CPU.ActiveCfg = Release|Any CPU
		{9B55A196-1B5F-45CB-9E04-6EE54D7B4DFE}.Release|Any CPU.Build.0 = Release|Any CPU
		{7D71D025-1DFC-4F8A-B6A9-5EB863BB3C3F}.Debug|Any CPU.ActiveCfg = Debug|Any CPU
		{7D71D025-1DFC-4F8A-B6A9-5EB863BB3C3F}.Debug|Any CPU.Build.0 = Debug|Any CPU
		{7D71D025-1DFC-4F8A-B6A9-5EB863BB3C3F}.Release|Any CPU.ActiveCfg = Release|Any CPU
		{7D71D025-1DFC-4F8A-B6A9-5EB863BB3C3F}.Release|Any CPU.Build.0 = Release|Any CPU
		{5547089B-07CC-4232-8D75-EB2521B86887}.Debug|Any CPU.ActiveCfg = Debug|Any CPU
		{5547089B-07CC-4232-8D75-EB2521B86887}.Debug|Any CPU.Build.0 = Debug|Any CPU
		{5547089B-07CC-4232-8D75-EB2521B86887}.Release|Any CPU.ActiveCfg = Release|Any CPU
		{5547089B-07CC-4232-8D75-EB2521B86887}.Release|Any CPU.Build.0 = Release|Any CPU
		{9F75BF60-3C18-4D4B-BB10-EF9D94DA999F}.Debug|Any CPU.ActiveCfg = Debug|Any CPU
		{9F75BF60-3C18-4D4B-BB10-EF9D94DA999F}.Debug|Any CPU.Build.0 = Debug|Any CPU
		{9F75BF60-3C18-4D4B-BB10-EF9D94DA999F}.Release|Any CPU.ActiveCfg = Release|Any CPU
		{9F75BF60-3C18-4D4B-BB10-EF9D94DA999F}.Release|Any CPU.Build.0 = Release|Any CPU
		{16E589A5-FDFA-4DAB-98D5-A85EE63459C2}.Debug|Any CPU.ActiveCfg = Debug|Any CPU
		{16E589A5-FDFA-4DAB-98D5-A85EE63459C2}.Debug|Any CPU.Build.0 = Debug|Any CPU
		{16E589A5-FDFA-4DAB-98D5-A85EE63459C2}.Release|Any CPU.ActiveCfg = Release|Any CPU
		{16E589A5-FDFA-4DAB-98D5-A85EE63459C2}.Release|Any CPU.Build.0 = Release|Any CPU
	EndGlobalSection
	GlobalSection(SolutionProperties) = preSolution
		HideSolutionNode = FALSE
	EndGlobalSection
	GlobalSection(ExtensibilityGlobals) = postSolution
		SolutionGuid = {E6112134-4919-4744-828E-AAC2B49DACDD}
	EndGlobalSection
EndGlobal
