
Microsoft Visual Studio Solution File, Format Version 12.00
# Visual Studio Version 17
VisualStudioVersion = 17.6.33712.159
MinimumVisualStudioVersion = 10.0.40219.1
Project("{FAE04EC0-301F-11D3-BF4B-00C04F79EFBC}") = "NAAProject", "NAAProject\NAAProject.csproj", "{AE6A421B-63C3-4F5F-A28D-3339D443A3E6}"
EndProject
Global
	GlobalSection(SolutionConfigurationPlatforms) = preSolution
		Debug|Any CPU = Debug|Any CPU
		Release|Any CPU = Release|Any CPU
	EndGlobalSection
	GlobalSection(ProjectConfigurationPlatforms) = postSolution
		{AE6A421B-63C3-4F5F-A28D-3339D443A3E6}.Debug|Any CPU.ActiveCfg = Debug|Any CPU
		{AE6A421B-63C3-4F5F-A28D-3339D443A3E6}.Debug|Any CPU.Build.0 = Debug|Any CPU
		{AE6A421B-63C3-4F5F-A28D-3339D443A3E6}.Release|Any CPU.ActiveCfg = Release|Any CPU
		{AE6A421B-63C3-4F5F-A28D-3339D443A3E6}.Release|Any CPU.Build.0 = Release|Any CPU
	EndGlobalSection
	GlobalSection(SolutionProperties) = preSolution
		HideSolutionNode = FALSE
	EndGlobalSection
	GlobalSection(ExtensibilityGlobals) = postSolution
		SolutionGuid = {E6112134-4919-4744-828E-AAC2B49DACDD}
	EndGlobalSection
EndGlobal
